
Microsoft Visual Studio Solution File, Format Version 12.00
# Visual Studio Version 16
VisualStudioVersion = 16.0.31205.134
MinimumVisualStudioVersion = 10.0.40219.1
Project("{FAE04EC0-301F-11D3-BF4B-00C04F79EFBC}") = "VRUBookShop64", "VRUBookShop64\VRUBookShop64.csproj", "{4BAE57FA-9026-43C6-A0E4-C5AB6B585788}"
EndProject
Global
	GlobalSection(SolutionConfigurationPlatforms) = preSolution
		Debug|Any CPU = Debug|Any CPU
		Release|Any CPU = Release|Any CPU
	EndGlobalSection
	GlobalSection(ProjectConfigurationPlatforms) = postSolution
		{4BAE57FA-9026-43C6-A0E4-C5AB6B585788}.Debug|Any CPU.ActiveCfg = Debug|Any CPU
		{4BAE57FA-9026-43C6-A0E4-C5AB6B585788}.Debug|Any CPU.Build.0 = Debug|Any CPU
		{4BAE57FA-9026-43C6-A0E4-C5AB6B585788}.Release|Any CPU.ActiveCfg = Release|Any CPU
		{4BAE57FA-9026-43C6-A0E4-C5AB6B585788}.Release|Any CPU.Build.0 = Release|Any CPU
	EndGlobalSection
	GlobalSection(SolutionProperties) = preSolution
		HideSolutionNode = FALSE
	EndGlobalSection
	GlobalSection(ExtensibilityGlobals) = postSolution
		SolutionGuid = {4E548D65-E520-4CDB-92DE-C4E89CA75D7F}
	EndGlobalSection
EndGlobal
